
Microsoft Visual Studio Solution File, Format Version 12.00
# Visual Studio Version 17
VisualStudioVersion = 17.4.33213.308
MinimumVisualStudioVersion = 10.0.40219.1
Project("{FAE04EC0-301F-11D3-BF4B-00C04F79EFBC}") = "CarsProject", "CarsProject.csproj", "{BDDBD2D3-69AC-4183-BE72-81FBB17F6F40}"
EndProject
Global
	GlobalSection(SolutionConfigurationPlatforms) = preSolution
		Debug|Any CPU = Debug|Any CPU
		Release|Any CPU = Release|Any CPU
	EndGlobalSection
	GlobalSection(ProjectConfigurationPlatforms) = postSolution
		{BDDBD2D3-69AC-4183-BE72-81FBB17F6F40}.Debug|Any CPU.ActiveCfg = Debug|Any CPU
		{BDDBD2D3-69AC-4183-BE72-81FBB17F6F40}.Debug|Any CPU.Build.0 = Debug|Any CPU
		{BDDBD2D3-69AC-4183-BE72-81FBB17F6F40}.Release|Any CPU.ActiveCfg = Release|Any CPU
		{BDDBD2D3-69AC-4183-BE72-81FBB17F6F40}.Release|Any CPU.Build.0 = Release|Any CPU
	EndGlobalSection
	GlobalSection(SolutionProperties) = preSolution
		HideSolutionNode = FALSE
	EndGlobalSection
	GlobalSection(ExtensibilityGlobals) = postSolution
		SolutionGuid = {07991A66-2687-41F9-8BE0-EFB7E3912960}
	EndGlobalSection
EndGlobal
